DEPENDENCIES
  android-sdk
    git: https://github.com/gildegoma/chef-android-sdk.git
    revision: e3667306c359aacb9fee0bd52204dea7978665c8
  apt
    git: https://github.com/patcon/apt.git
    revision: f05305d3fff582ba38e081b994af005c86331343
    branch: feature/unattended-upgrade-debian
  chef-dk
  fail2ban
  fish-shell
  git
  homesick
    git: https://github.com/patcon/chef-homesick.git
    revision: bf85a5b9b20e2559e3b0ea8b039ff01bdd5812ee
    branch: feature/add-embedded-ruby-to-path
  janus
  mosh
    git: https://github.com/patcon/mosh-cookbook.git
    revision: e13efa12cbeebe2258030ae11d5281a70dd4cd2d
    branch: feature/source-install
  ntp
  oh-my-zsh
  os-hardening
    git: https://github.com/patcon/chef-os-hardening.git
    revision: 51cf1df57e640c407dbf048a349b380481622190
    branch: feature/better-namespace
  pantry
    git: https://github.com/patcon/pantry.git
    revision: ca0fb8fc7f098c0cd8b599ac7ad0fe2a000d02fd
    branch: feature/debian-support
  patcon_android-sdk
    path: cookbook-stubs/patcon_android-sdk
  python
  ssh-hardening
  sudo
  user
  workstation
    path: cookbook-stubs/workstation

GRAPH
  android-sdk (0.2.1)
    ark (>= 0.0.0)
    java (>= 0.0.0)
    maven (>= 0.0.0)
  apt (2.8.2)
  ark (2.2.1)
    build-essential (>= 0.0.0)
    seven_zip (>= 0.0.0)
    windows (>= 0.0.0)
  build-essential (8.0.0)
    mingw (>= 1.1)
    seven_zip (>= 0.0.0)
  chef-dk (3.1.0)
    dmg (~> 2.2)
  chef_handler (2.1.0)
  chocolatey (0.6.2)
    windows (~> 1.38)
  compat_resource (12.16.3)
  cron (4.1.0)
    compat_resource (>= 0.0.0)
  dmg (2.4.0)
  fail2ban (4.0.0)
    yum-epel (>= 0.0.0)
  fish-shell (1.0.1)
    ark (>= 0.0.0)
    build-essential (>= 0.0.0)
    yum (>= 0.0.0)
  git (6.0.0)
    build-essential (>= 0.0.0)
    dmg (>= 0.0.0)
    yum-epel (>= 0.0.0)
  homebrew (1.13.0)
    build-essential (>= 2.1.2)
  homesick (0.4.1)
    git (>= 0.0.0)
  janus (1.0.0)
  java (1.47.0)
    apt (>= 0.0.0)
    homebrew (>= 0.0.0)
    windows (>= 0.0.0)
  maven (4.0.1)
    ark (>= 1.0)
    java (>= 1.38)
  mingw (2.0.0)
    seven_zip (>= 0.0.0)
  mosh (0.4.0)
    apt (>= 0.0.0)
    ark (>= 0.0.0)
    build-essential (>= 0.0.0)
    yum (>= 0.0.0)
    yum-epel (>= 0.0.0)
  ntp (3.3.1)
  oh-my-zsh (0.4.4)
    git (>= 0.0.0)
    users (>= 0.0.0)
    zsh (>= 0.0.0)
  ohai (5.0.2)
  os-hardening (1.3.1)
    apt (>= 0.0.0)
    sysctl (>= 0.3.0)
    yum (>= 0.0.0)
  packages (1.0.0)
  pantry (0.2.1)
    chocolatey (~> 0.2)
    homebrew (~> 1.12)
    packages (>= 0.0.0)
  patcon_android-sdk (0.0.0)
    android-sdk (>= 0.0.0)
  python (1.4.6)
    build-essential (>= 0.0.0)
    yum-epel (>= 0.0.0)
  seven_zip (2.0.2)
    windows (>= 1.2.2)
  ssh-hardening (2.0.0)
  sudo (3.3.1)
  sysctl (0.8.1)
    ohai (>= 4.0)
  user (0.7.0)
  users (4.0.3)
  windows (1.44.3)
    chef_handler (>= 0.0.0)
  workstation (0.0.0)
    apt (>= 0.0.0)
    ark (>= 0.0.0)
    cron (>= 0.0.0)
    git (>= 0.0.0)
    homesick (>= 0.0.0)
  yum (5.0.0)
  yum-epel (2.1.1)
    compat_resource (>= 12.16.3)
  zsh (1.0.3)
